<Solution>
  <Project Path="IceSync.Common/IceSync.Common.csproj" />
  <Project Path="IceSync.Data.Models/IceSync.Data.Models.csproj" />
  <Project Path="IceSync.Data/IceSync.Data.csproj" />
  <Project Path="IceSync.Infrastructure/IceSync.Infrastructure.csproj" />
  <Project Path="IceSync.Services/IceSync.Services.csproj" />
  <Project Path="IceSync.Web.ViewModels/IceSync.Web.ViewModels.csproj" />
  <Project Path="IceSync.Web/IceSync.Web.csproj" />
  <Project Path="IceSynd.Services.Contracts/IceSynd.Services.Contracts.csproj" />
</Solution>
